PODS:
  - Alamofire (4.2.0)
  - ObjectMapper (2.2.1)
  - SwiftyJSON (3.1.0)
  - SwiftyUserDefaults (3.0.0)
  - waterwheel (4.3.1):
    - Alamofire (~> 4.0)
    - ObjectMapper (~> 2.0)
    - SwiftyJSON (= 3.1.0)
    - SwiftyUserDefaults

DEPENDENCIES:
  - waterwheel (~> 4.2)

SPEC CHECKSUMS:
  Alamofire: aa2e09d871c9160ac53c90e83c68064a94e3dfbe
  ObjectMapper: 41e43e1a89f8060ef5ea5d04ba852e269a621d68
  SwiftyJSON: 29b9f2a64f118c07e691667c2ba1efe536acfe0b
  SwiftyUserDefaults: 0f1d45fc3aafb9064dac661e367f8f83fe21a4b4
  waterwheel: b9a2a2f78ce869f59b68b743fe20d93c572cc4a9

PODFILE CHECKSUM: 17aa0ed966cc0a1f0563d770fab91d89e0f6f558

COCOAPODS: 1.1.0.rc.3
